
Microsoft Visual Studio Solution File, Format Version 12.00
# Visual Studio Version 17
VisualStudioVersion = 17.1.32228.430
MinimumVisualStudioVersion = 10.0.40219.1
Project("{9A19103F-16F7-4668-BE54-9A1E7A4F7556}") = "Sadcoy", "Sadcoy\Sadcoy.csproj", "{6A93CEE6-B495-409F-BB65-69D4F255B698}"
EndProject
Project("{2150E333-8FDC-42A3-9474-1A3956D46DE8}") = "Solution Items", "Solution Items", "{70A7660F-9A6E-47EE-B2AC-C3F8A28D0B99}"
	ProjectSection(SolutionItems) = preProject
		.editorconfig = .editorconfig
	EndProjectSection
EndProject
Global
	GlobalSection(SolutionConfigurationPlatforms) = preSolution
		Debug|Any CPU = Debug|Any CPU
		Release|Any CPU = Release|Any CPU
	EndGlobalSection
	GlobalSection(ProjectConfigurationPlatforms) = postSolution
		{6A93CEE6-B495-409F-BB65-69D4F255B698}.Debug|Any CPU.ActiveCfg = Debug|Any CPU
		{6A93CEE6-B495-409F-BB65-69D4F255B698}.Debug|Any CPU.Build.0 = Debug|Any CPU
		{6A93CEE6-B495-409F-BB65-69D4F255B698}.Release|Any CPU.ActiveCfg = Release|Any CPU
		{6A93CEE6-B495-409F-BB65-69D4F255B698}.Release|Any CPU.Build.0 = Release|Any CPU
	EndGlobalSection
	GlobalSection(SolutionProperties) = preSolution
		HideSolutionNode = FALSE
	EndGlobalSection
	GlobalSection(ExtensibilityGlobals) = postSolution
		SolutionGuid = {A038BC30-64B8-472B-AD6B-C51EB07F6444}
	EndGlobalSection
EndGlobal
